
Microsoft Visual Studio Solution File, Format Version 12.00
# Visual Studio Version 17
VisualStudioVersion = 17.0.31903.59
MinimumVisualStudioVersion = 10.0.40219.1
Project("{FAE04EC0-301F-11D3-BF4B-00C04F79EFBC}") = "M9-LINQ", "M9-LINQ\M9-LINQ.csproj", "{E18BE04B-40EB-493E-AE3A-DB16BC4F5B23}"
EndProject
Global
	GlobalSection(SolutionConfigurationPlatforms) = preSolution
		Debug|Any CPU = Debug|Any CPU
		Release|Any CPU = Release|Any CPU
	EndGlobalSection
	GlobalSection(ProjectConfigurationPlatforms) = postSolution
		{E18BE04B-40EB-493E-AE3A-DB16BC4F5B23}.Debug|Any CPU.ActiveCfg = Debug|Any CPU
		{E18BE04B-40EB-493E-AE3A-DB16BC4F5B23}.Debug|Any CPU.Build.0 = Debug|Any CPU
		{E18BE04B-40EB-493E-AE3A-DB16BC4F5B23}.Release|Any CPU.ActiveCfg = Release|Any CPU
		{E18BE04B-40EB-493E-AE3A-DB16BC4F5B23}.Release|Any CPU.Build.0 = Release|Any CPU
	EndGlobalSection
	GlobalSection(SolutionProperties) = preSolution
		HideSolutionNode = FALSE
	EndGlobalSection
	GlobalSection(ExtensibilityGlobals) = postSolution
		SolutionGuid = {82C5852D-240E-445D-A308-60E4E688979B}
	EndGlobalSection
EndGlobal
