
Microsoft Visual Studio Solution File, Format Version 12.00
# Visual Studio Version 16
VisualStudioVersion = 16.0.31729.503
MinimumVisualStudioVersion = 10.0.40219.1
Project("{9A19103F-16F7-4668-BE54-9A1E7A4F7556}") = "ModuleOneLib.Tests", "ModuleOneLib.Tests.csproj", "{DFA55B9D-1EA5-4979-88DD-6D698FF8BCAF}"
EndProject
Project("{9A19103F-16F7-4668-BE54-9A1E7A4F7556}") = "ModuleOneLib", "..\ModuleOneLib\ModuleOneLib.csproj", "{12D23310-EC66-4320-91A9-F8DDCDB36D56}"
EndProject
Global
	GlobalSection(SolutionConfigurationPlatforms) = preSolution
		Debug|Any CPU = Debug|Any CPU
		Release|Any CPU = Release|Any CPU
	EndGlobalSection
	GlobalSection(ProjectConfigurationPlatforms) = postSolution
		{DFA55B9D-1EA5-4979-88DD-6D698FF8BCAF}.Debug|Any CPU.ActiveCfg = Debug|Any CPU
		{DFA55B9D-1EA5-4979-88DD-6D698FF8BCAF}.Debug|Any CPU.Build.0 = Debug|Any CPU
		{DFA55B9D-1EA5-4979-88DD-6D698FF8BCAF}.Release|Any CPU.ActiveCfg = Release|Any CPU
		{DFA55B9D-1EA5-4979-88DD-6D698FF8BCAF}.Release|Any CPU.Build.0 = Release|Any CPU
		{12D23310-EC66-4320-91A9-F8DDCDB36D56}.Debug|Any CPU.ActiveCfg = Debug|Any CPU
		{12D23310-EC66-4320-91A9-F8DDCDB36D56}.Debug|Any CPU.Build.0 = Debug|Any CPU
		{12D23310-EC66-4320-91A9-F8DDCDB36D56}.Release|Any CPU.ActiveCfg = Release|Any CPU
		{12D23310-EC66-4320-91A9-F8DDCDB36D56}.Release|Any CPU.Build.0 = Release|Any CPU
	EndGlobalSection
	GlobalSection(SolutionProperties) = preSolution
		HideSolutionNode = FALSE
	EndGlobalSection
	GlobalSection(ExtensibilityGlobals) = postSolution
		SolutionGuid = {8E6AAC95-AFD8-4F85-8CEF-87A5F16F0D6A}
	EndGlobalSection
EndGlobal
