
Microsoft Visual Studio Solution File, Format Version 12.00
# Visual Studio Version 16
VisualStudioVersion = 16.0.31729.503
MinimumVisualStudioVersion = 10.0.40219.1
Project("{FAE04EC0-301F-11D3-BF4B-00C04F79EFBC}") = "CardGame", "CardGame\CardGame.csproj", "{C62390D0-C51B-483C-9DE0-CEFF3089E887}"
EndProject
Global
	GlobalSection(SolutionConfigurationPlatforms) = preSolution
		Debug|Any CPU = Debug|Any CPU
		Release|Any CPU = Release|Any CPU
	EndGlobalSection
	GlobalSection(ProjectConfigurationPlatforms) = postSolution
		{C62390D0-C51B-483C-9DE0-CEFF3089E887}.Debug|Any CPU.ActiveCfg = Debug|Any CPU
		{C62390D0-C51B-483C-9DE0-CEFF3089E887}.Debug|Any CPU.Build.0 = Debug|Any CPU
		{C62390D0-C51B-483C-9DE0-CEFF3089E887}.Release|Any CPU.ActiveCfg = Release|Any CPU
		{C62390D0-C51B-483C-9DE0-CEFF3089E887}.Release|Any CPU.Build.0 = Release|Any CPU
	EndGlobalSection
	GlobalSection(SolutionProperties) = preSolution
		HideSolutionNode = FALSE
	EndGlobalSection
	GlobalSection(ExtensibilityGlobals) = postSolution
		SolutionGuid = {34C303D0-A072-45AC-80C6-E6891F6BEB62}
	EndGlobalSection
EndGlobal
