
Microsoft Visual Studio Solution File, Format Version 12.00
# Visual Studio Version 16
VisualStudioVersion = 16.0.31729.503
MinimumVisualStudioVersion = 10.0.40219.1
Project("{9A19103F-16F7-4668-BE54-9A1E7A4F7556}") = "BankSystem.Tests", "BankSystem.Tests.csproj", "{CAE383F4-5934-4699-892C-3642FAC5FA62}"
EndProject
Project("{9A19103F-16F7-4668-BE54-9A1E7A4F7556}") = "BankSystem", "..\BankSystem\BankSystem.csproj", "{99BCC830-BAAA-492F-B604-E59B0231C05F}"
EndProject
Global
	GlobalSection(SolutionConfigurationPlatforms) = preSolution
		Debug|Any CPU = Debug|Any CPU
		Release|Any CPU = Release|Any CPU
	EndGlobalSection
	GlobalSection(ProjectConfigurationPlatforms) = postSolution
		{CAE383F4-5934-4699-892C-3642FAC5FA62}.Debug|Any CPU.ActiveCfg = Debug|Any CPU
		{CAE383F4-5934-4699-892C-3642FAC5FA62}.Debug|Any CPU.Build.0 = Debug|Any CPU
		{CAE383F4-5934-4699-892C-3642FAC5FA62}.Release|Any CPU.ActiveCfg = Release|Any CPU
		{CAE383F4-5934-4699-892C-3642FAC5FA62}.Release|Any CPU.Build.0 = Release|Any CPU
		{99BCC830-BAAA-492F-B604-E59B0231C05F}.Debug|Any CPU.ActiveCfg = Debug|Any CPU
		{99BCC830-BAAA-492F-B604-E59B0231C05F}.Debug|Any CPU.Build.0 = Debug|Any CPU
		{99BCC830-BAAA-492F-B604-E59B0231C05F}.Release|Any CPU.ActiveCfg = Release|Any CPU
		{99BCC830-BAAA-492F-B604-E59B0231C05F}.Release|Any CPU.Build.0 = Release|Any CPU
	EndGlobalSection
	GlobalSection(SolutionProperties) = preSolution
		HideSolutionNode = FALSE
	EndGlobalSection
	GlobalSection(ExtensibilityGlobals) = postSolution
		SolutionGuid = {F694973F-BC3E-4AA1-B897-96CB86526B0A}
	EndGlobalSection
EndGlobal
