
Microsoft Visual Studio Solution File, Format Version 12.00
# Visual Studio Version 16
VisualStudioVersion = 16.0.31729.503
MinimumVisualStudioVersion = 10.0.40219.1
Project("{FAE04EC0-301F-11D3-BF4B-00C04F79EFBC}") = "Task_3", "Task_3.csproj", "{746E0ABC-0BBC-4A90-97CA-DFA54A68536A}"
EndProject
Global
	GlobalSection(SolutionConfigurationPlatforms) = preSolution
		Debug|Any CPU = Debug|Any CPU
		Release|Any CPU = Release|Any CPU
	EndGlobalSection
	GlobalSection(ProjectConfigurationPlatforms) = postSolution
		{746E0ABC-0BBC-4A90-97CA-DFA54A68536A}.Debug|Any CPU.ActiveCfg = Debug|Any CPU
		{746E0ABC-0BBC-4A90-97CA-DFA54A68536A}.Debug|Any CPU.Build.0 = Debug|Any CPU
		{746E0ABC-0BBC-4A90-97CA-DFA54A68536A}.Release|Any CPU.ActiveCfg = Release|Any CPU
		{746E0ABC-0BBC-4A90-97CA-DFA54A68536A}.Release|Any CPU.Build.0 = Release|Any CPU
	EndGlobalSection
	GlobalSection(SolutionProperties) = preSolution
		HideSolutionNode = FALSE
	EndGlobalSection
	GlobalSection(ExtensibilityGlobals) = postSolution
		SolutionGuid = {46DBDEF1-9436-44BA-BDC7-1CFC72D02525}
	EndGlobalSection
EndGlobal
