
Microsoft Visual Studio Solution File, Format Version 12.00
# Visual Studio Version 16
VisualStudioVersion = 16.0.31729.503
MinimumVisualStudioVersion = 10.0.40219.1
Project("{FAE04EC0-301F-11D3-BF4B-00C04F79EFBC}") = "Task_4", "Task_4.csproj", "{BD9070E7-5D4F-4CD0-BB1A-3A27A69A446D}"
EndProject
Global
	GlobalSection(SolutionConfigurationPlatforms) = preSolution
		Debug|Any CPU = Debug|Any CPU
		Release|Any CPU = Release|Any CPU
	EndGlobalSection
	GlobalSection(ProjectConfigurationPlatforms) = postSolution
		{BD9070E7-5D4F-4CD0-BB1A-3A27A69A446D}.Debug|Any CPU.ActiveCfg = Debug|Any CPU
		{BD9070E7-5D4F-4CD0-BB1A-3A27A69A446D}.Debug|Any CPU.Build.0 = Debug|Any CPU
		{BD9070E7-5D4F-4CD0-BB1A-3A27A69A446D}.Release|Any CPU.ActiveCfg = Release|Any CPU
		{BD9070E7-5D4F-4CD0-BB1A-3A27A69A446D}.Release|Any CPU.Build.0 = Release|Any CPU
	EndGlobalSection
	GlobalSection(SolutionProperties) = preSolution
		HideSolutionNode = FALSE
	EndGlobalSection
	GlobalSection(ExtensibilityGlobals) = postSolution
		SolutionGuid = {067539FF-D1AB-49EB-862C-4F4AD21CB4B5}
	EndGlobalSection
EndGlobal
