
Microsoft Visual Studio Solution File, Format Version 12.00
# Visual Studio Version 16
VisualStudioVersion = 16.0.31729.503
MinimumVisualStudioVersion = 10.0.40219.1
Project("{9A19103F-16F7-4668-BE54-9A1E7A4F7556}") = "ModuleOneLib", "..\Module_1\ModuleOneLib.csproj", "{2C03354E-B3DB-410A-94A0-276A14B2595B}"
EndProject
Project("{9A19103F-16F7-4668-BE54-9A1E7A4F7556}") = "ModuleOneLib.Tests", "..\ModuleOneLib.Tests\ModuleOneLib.Tests.csproj", "{FEAAD251-1885-4272-A638-27EA7AD713CC}"
EndProject
Global
	GlobalSection(SolutionConfigurationPlatforms) = preSolution
		Debug|Any CPU = Debug|Any CPU
		Release|Any CPU = Release|Any CPU
	EndGlobalSection
	GlobalSection(ProjectConfigurationPlatforms) = postSolution
		{2C03354E-B3DB-410A-94A0-276A14B2595B}.Debug|Any CPU.ActiveCfg = Debug|Any CPU
		{2C03354E-B3DB-410A-94A0-276A14B2595B}.Debug|Any CPU.Build.0 = Debug|Any CPU
		{2C03354E-B3DB-410A-94A0-276A14B2595B}.Release|Any CPU.ActiveCfg = Release|Any CPU
		{2C03354E-B3DB-410A-94A0-276A14B2595B}.Release|Any CPU.Build.0 = Release|Any CPU
		{FEAAD251-1885-4272-A638-27EA7AD713CC}.Debug|Any CPU.ActiveCfg = Debug|Any CPU
		{FEAAD251-1885-4272-A638-27EA7AD713CC}.Debug|Any CPU.Build.0 = Debug|Any CPU
		{FEAAD251-1885-4272-A638-27EA7AD713CC}.Release|Any CPU.ActiveCfg = Release|Any CPU
		{FEAAD251-1885-4272-A638-27EA7AD713CC}.Release|Any CPU.Build.0 = Release|Any CPU
	EndGlobalSection
	GlobalSection(SolutionProperties) = preSolution
		HideSolutionNode = FALSE
	EndGlobalSection
	GlobalSection(ExtensibilityGlobals) = postSolution
		SolutionGuid = {F3BEABA4-354F-416F-B0C4-D0432E78896C}
	EndGlobalSection
EndGlobal
