
Microsoft Visual Studio Solution File, Format Version 12.00
# Visual Studio Version 17
VisualStudioVersion = 17.0.31903.59
MinimumVisualStudioVersion = 10.0.40219.1
Project("{FAE04EC0-301F-11D3-BF4B-00C04F79EFBC}") = "UniversityDb", "UniversityDb\UniversityDb.csproj", "{6960AEF0-90E5-46E5-8554-53BC70B0E1AA}"
EndProject
Global
	GlobalSection(SolutionConfigurationPlatforms) = preSolution
		Debug|Any CPU = Debug|Any CPU
		Release|Any CPU = Release|Any CPU
	EndGlobalSection
	GlobalSection(ProjectConfigurationPlatforms) = postSolution
		{6960AEF0-90E5-46E5-8554-53BC70B0E1AA}.Debug|Any CPU.ActiveCfg = Debug|Any CPU
		{6960AEF0-90E5-46E5-8554-53BC70B0E1AA}.Debug|Any CPU.Build.0 = Debug|Any CPU
		{6960AEF0-90E5-46E5-8554-53BC70B0E1AA}.Release|Any CPU.ActiveCfg = Release|Any CPU
		{6960AEF0-90E5-46E5-8554-53BC70B0E1AA}.Release|Any CPU.Build.0 = Release|Any CPU
	EndGlobalSection
	GlobalSection(SolutionProperties) = preSolution
		HideSolutionNode = FALSE
	EndGlobalSection
	GlobalSection(ExtensibilityGlobals) = postSolution
		SolutionGuid = {F7A4C49F-5F2D-4B06-9B30-51AF8FCAFC6A}
	EndGlobalSection
EndGlobal
